
Microsoft Visual Studio Solution File, Format Version 12.00
# Visual Studio Version 17
VisualStudioVersion = 17.5.002.0
MinimumVisualStudioVersion = 10.0.40219.1
Project("{9A19103F-16F7-4668-BE54-9A1E7A4F7556}") = "ITAssetInventory", "ITAssetInventory.csproj", "{FE12656F-9029-4856-AFEF-CADB68D1FB3E}"
EndProject
Global
	GlobalSection(SolutionConfigurationPlatforms) = preSolution
		Debug|Any CPU = Debug|Any CPU
		Release|Any CPU = Release|Any CPU
	EndGlobalSection
	GlobalSection(ProjectConfigurationPlatforms) = postSolution
		{FE12656F-9029-4856-AFEF-CADB68D1FB3E}.Debug|Any CPU.ActiveCfg = Debug|Any CPU
		{FE12656F-9029-4856-AFEF-CADB68D1FB3E}.Debug|Any CPU.Build.0 = Debug|Any CPU
		{FE12656F-9029-4856-AFEF-CADB68D1FB3E}.Release|Any CPU.ActiveCfg = Release|Any CPU
		{FE12656F-9029-4856-AFEF-CADB68D1FB3E}.Release|Any CPU.Build.0 = Release|Any CPU
	EndGlobalSection
	GlobalSection(SolutionProperties) = preSolution
		HideSolutionNode = FALSE
	EndGlobalSection
	GlobalSection(ExtensibilityGlobals) = postSolution
		SolutionGuid = {0BD59AF0-719C-49B3-A47A-222AA7806196}
	EndGlobalSection
EndGlobal
